
Microsoft Visual Studio Solution File, Format Version 12.00
# Visual Studio Version 17
VisualStudioVersion = 17.4.33103.184
MinimumVisualStudioVersion = 10.0.40219.1
Project("{FAE04EC0-301F-11D3-BF4B-00C04F79EFBC}") = "ActionBot", "ActionBot\ActionBot.csproj", "{66990C69-3F1D-43F8-9797-DC4C50BACD9C}"
EndProject
Global
	GlobalSection(SolutionConfigurationPlatforms) = preSolution
		Debug|Any CPU = Debug|Any CPU
		Release|Any CPU = Release|Any CPU
	EndGlobalSection
	GlobalSection(ProjectConfigurationPlatforms) = postSolution
		{66990C69-3F1D-43F8-9797-DC4C50BACD9C}.Debug|Any CPU.ActiveCfg = Debug|Any CPU
		{66990C69-3F1D-43F8-9797-DC4C50BACD9C}.Debug|Any CPU.Build.0 = Debug|Any CPU
		{66990C69-3F1D-43F8-9797-DC4C50BACD9C}.Release|Any CPU.ActiveCfg = Release|Any CPU
		{66990C69-3F1D-43F8-9797-DC4C50BACD9C}.Release|Any CPU.Build.0 = Release|Any CPU
	EndGlobalSection
	GlobalSection(SolutionProperties) = preSolution
		HideSolutionNode = FALSE
	EndGlobalSection
	GlobalSection(ExtensibilityGlobals) = postSolution
		SolutionGuid = {165F5D26-9F69-493C-B1F2-3F0B9913A6BC}
	EndGlobalSection
EndGlobal
